// !$*UTF8*$!
{
	archiveVersion = 1;
	classes = {
	};
	objectVersion = 50;
	objects = {

/* Begin PBXBuildFile section */
		DAAFA47D231E41C7008ACCC0 /* AppDelegate.swift in Sources */ = {isa = PBXBuildFile; fileRef = DAAFA47C231E41C7008ACCC0 /* AppDelegate.swift */; };
		DAAFA47F231E41C7008ACCC0 /* ViewController.swift in Sources */ = {isa = PBXBuildFile; fileRef = DAAFA47E231E41C7008ACCC0 /* ViewController.swift */; };
		DAAFA482231E41C7008ACCC0 /* Main.storyboard in Resources */ = {isa = PBXBuildFile; fileRef = DAAFA480231E41C7008ACCC0 /* Main.storyboard */; };
		DAAFA484231E41CF008ACCC0 /* Assets.xcassets in Resources */ = {isa = PBXBuildFile; fileRef = DAAFA483231E41CF008ACCC0 /* Assets.xcassets */; };
		DAAFA487231E41CF008ACCC0 /* LaunchScreen.storyboard in Resources */ = {isa = PBXBuildFile; fileRef = DAAFA485231E41CF008ACCC0 /* LaunchScreen.storyboard */; };
		DAAFA490231E4224008ACCC0 /* libsqlite3.tbd in Frameworks */ = {isa = PBXBuildFile; fileRef = DAAFA48F231E4224008ACCC0 /* libsqlite3.tbd */; };
		DAAFA49E231E435D008ACCC0 /* FMDatabaseAdditions.m in Sources */ = {isa = PBXBuildFile; fileRef = DAAFA495231E435D008ACCC0 /* FMDatabaseAdditions.m */; };
		DAAFA49F231E435D008ACCC0 /* FMResultSet.m in Sources */ = {isa = PBXBuildFile; fileRef = DAAFA497231E435D008ACCC0 /* FMResultSet.m */; };
		DAAFA4A0231E435D008ACCC0 /* FMDatabase.m in Sources */ = {isa = PBXBuildFile; fileRef = DAAFA49A231E435D008ACCC0 /* FMDatabase.m */; };
		DAAFA4A1231E435D008ACCC0 /* FMDatabaseQueue.m in Sources */ = {isa = PBXBuildFile; fileRef = DAAFA49B231E435D008ACCC0 /* FMDatabaseQueue.m */; };
		DAAFA4A2231E435D008ACCC0 /* FMDatabasePool.m in Sources */ = {isa = PBXBuildFile; fileRef = DAAFA49D231E435D008ACCC0 /* FMDatabasePool.m */; };
/* End PBXBuildFile section */

/* Begin PBXFileReference section */
		DAAFA479231E41C7008ACCC0 /* Member DB App.app */ = {isa = PBXFileReference; explicitFileType = wrapper.application; includeInIndex = 0; path = "Member DB App.app"; sourceTree = BUILT_PRODUCTS_DIR; };
		DAAFA47C231E41C7008ACCC0 /* AppDelegate.swift */ = {isa = PBXFileReference; lastKnownFileType = sourcecode.swift; path = AppDelegate.swift; sourceTree = "<group>"; };
		DAAFA47E231E41C7008ACCC0 /* ViewController.swift */ = {isa = PBXFileReference; lastKnownFileType = sourcecode.swift; path = ViewController.swift; sourceTree = "<group>"; };
		DAAFA481231E41C7008ACCC0 /* Base */ = {isa = PBXFileReference; lastKnownFileType = file.storyboard; name = Base; path = Base.lproj/Main.storyboard; sourceTree = "<group>"; };
		DAAFA483231E41CF008ACCC0 /* Assets.xcassets */ = {isa = PBXFileReference; lastKnownFileType = folder.assetcatalog; path = Assets.xcassets; sourceTree = "<group>"; };
		DAAFA486231E41CF008ACCC0 /* Base */ = {isa = PBXFileReference; lastKnownFileType = file.storyboard; name = Base; path = Base.lproj/LaunchScreen.storyboard; sourceTree = "<group>"; };
		DAAFA488231E41CF008ACCC0 /* Info.plist */ = {isa = PBXFileReference; lastKnownFileType = text.plist.xml; path = Info.plist; sourceTree = "<group>"; };
		DAAFA48F231E4224008ACCC0 /* libsqlite3.tbd */ = {isa = PBXFileReference; lastKnownFileType = "sourcecode.text-based-dylib-definition"; name = libsqlite3.tbd; path = usr/lib/libsqlite3.tbd; sourceTree = SDKROOT; };
		DAAFA492231E435C008ACCC0 /* Member DB App-Bridging-Header.h */ = {isa = PBXFileReference; lastKnownFileType = sourcecode.c.h; path = "Member DB App-Bridging-Header.h"; sourceTree = "<group>"; };
		DAAFA493231E435D008ACCC0 /* FMDatabaseAdditions.h */ = {isa = PBXFileReference; fileEncoding = 4; lastKnownFileType = sourcecode.c.h; path = FMDatabaseAdditions.h; sourceTree = "<group>"; };
		DAAFA494231E435D008ACCC0 /* FMDB.h */ = {isa = PBXFileReference; fileEncoding = 4; lastKnownFileType = sourcecode.c.h; path = FMDB.h; sourceTree = "<group>"; };
		DAAFA495231E435D008ACCC0 /* FMDatabaseAdditions.m */ = {isa = PBXFileReference; fileEncoding = 4; lastKnownFileType = sourcecode.c.objc; path = FMDatabaseAdditions.m; sourceTree = "<group>"; };
		DAAFA496231E435D008ACCC0 /* FMResultSet.h */ = {isa = PBXFileReference; fileEncoding = 4; lastKnownFileType = sourcecode.c.h; path = FMResultSet.h; sourceTree = "<group>"; };
		DAAFA497231E435D008ACCC0 /* FMResultSet.m */ = {isa = PBXFileReference; fileEncoding = 4; lastKnownFileType = sourcecode.c.objc; path = FMResultSet.m; sourceTree = "<group>"; };
		DAAFA498231E435D008ACCC0 /* FMDatabasePool.h */ = {isa = PBXFileReference; fileEncoding = 4; lastKnownFileType = sourcecode.c.h; path = FMDatabasePool.h; sourceTree = "<group>"; };
		DAAFA499231E435D008ACCC0 /* FMDatabase.h */ = {isa = PBXFileReference; fileEncoding = 4; lastKnownFileType = sourcecode.c.h; path = FMDatabase.h; sourceTree = "<group>"; };
		DAAFA49A231E435D008ACCC0 /* FMDatabase.m */ = {isa = PBXFileReference; fileEncoding = 4; lastKnownFileType = sourcecode.c.objc; path = FMDatabase.m; sourceTree = "<group>"; };
		DAAFA49B231E435D008ACCC0 /* FMDatabaseQueue.m */ = {isa = PBXFileReference; fileEncoding = 4; lastKnownFileType = sourcecode.c.objc; path = FMDatabaseQueue.m; sourceTree = "<group>"; };
		DAAFA49C231E435D008ACCC0 /* FMDatabaseQueue.h */ = {isa = PBXFileReference; fileEncoding = 4; lastKnownFileType = sourcecode.c.h; path = FMDatabaseQueue.h; sourceTree = "<group>"; };
		DAAFA49D231E435D008ACCC0 /* FMDatabasePool.m */ = {isa = PBXFileReference; fileEncoding = 4; lastKnownFileType = sourcecode.c.objc; path = FMDatabasePool.m; sourceTree = "<group>"; };
/* End PBXFileReference section */

/* Begin PBXFrameworksBuildPhase section */
		DAAFA476231E41C7008ACCC0 /* Frameworks */ = {
			isa = PBXFrameworksBuildPhase;
			buildActionMask = 2147483647;
			files = (
				DAAFA490231E4224008ACCC0 /* libsqlite3.tbd in Frameworks */,
			);
			runOnlyForDeploymentPostprocessing = 0;
		};
/* End PBXFrameworksBuildPhase section */

/* Begin PBXGroup section */
		DAAFA470231E41C7008ACCC0 = {
			isa = PBXGroup;
			children = (
				DAAFA47B231E41C7008ACCC0 /* Member DB App */,
				DAAFA47A231E41C7008ACCC0 /* Products */,
				DAAFA48E231E4224008ACCC0 /* Frameworks */,
			);
			sourceTree = "<group>";
		};
		DAAFA47A231E41C7008ACCC0 /* Products */ = {
			isa = PBXGroup;
			children = (
				DAAFA479231E41C7008ACCC0 /* Member DB App.app */,
			);
			name = Products;
			sourceTree = "<group>";
		};
		DAAFA47B231E41C7008ACCC0 /* Member DB App */ = {
			isa = PBXGroup;
			children = (
				DAAFA491231E431E008ACCC0 /* FMDB */,
				DAAFA47C231E41C7008ACCC0 /* AppDelegate.swift */,
				DAAFA47E231E41C7008ACCC0 /* ViewController.swift */,
				DAAFA480231E41C7008ACCC0 /* Main.storyboard */,
				DAAFA483231E41CF008ACCC0 /* Assets.xcassets */,
				DAAFA485231E41CF008ACCC0 /* LaunchScreen.storyboard */,
				DAAFA488231E41CF008ACCC0 /* Info.plist */,
			);
			path = "Member DB App";
			sourceTree = "<group>";
		};
		DAAFA48E231E4224008ACCC0 /* Frameworks */ = {
			isa = PBXGroup;
			children = (
				DAAFA48F231E4224008ACCC0 /* libsqlite3.tbd */,
			);
			name = Frameworks;
			sourceTree = "<group>";
		};
		DAAFA491231E431E008ACCC0 /* FMDB */ = {
			isa = PBXGroup;
			children = (
				DAAFA499231E435D008ACCC0 /* FMDatabase.h */,
				DAAFA49A231E435D008ACCC0 /* FMDatabase.m */,
				DAAFA493231E435D008ACCC0 /* FMDatabaseAdditions.h */,
				DAAFA495231E435D008ACCC0 /* FMDatabaseAdditions.m */,
				DAAFA498231E435D008ACCC0 /* FMDatabasePool.h */,
				DAAFA49D231E435D008ACCC0 /* FMDatabasePool.m */,
				DAAFA49C231E435D008ACCC0 /* FMDatabaseQueue.h */,
				DAAFA49B231E435D008ACCC0 /* FMDatabaseQueue.m */,
				DAAFA494231E435D008ACCC0 /* FMDB.h */,
				DAAFA496231E435D008ACCC0 /* FMResultSet.h */,
				DAAFA497231E435D008ACCC0 /* FMResultSet.m */,
				DAAFA492231E435C008ACCC0 /* Member DB App-Bridging-Header.h */,
			);
			path = FMDB;
			sourceTree = "<group>";
		};
/* End PBXGroup section */

/* Begin PBXNativeTarget section */
		DAAFA478231E41C7008ACCC0 /* Member DB App */ = {
			isa = PBXNativeTarget;
			buildConfigurationList = DAAFA48B231E41CF008ACCC0 /* Build configuration list for PBXNativeTarget "Member DB App" */;
			buildPhases = (
				DAAFA475231E41C7008ACCC0 /* Sources */,
				DAAFA476231E41C7008ACCC0 /* Frameworks */,
				DAAFA477231E41C7008ACCC0 /* Resources */,
			);
			buildRules = (
			);
			dependencies = (
			);
			name = "Member DB App";
			productName = "Member DB App";
			productReference = DAAFA479231E41C7008ACCC0 /* Member DB App.app */;
			productType = "com.apple.product-type.application";
		};
/* End PBXNativeTarget section */

/* Begin PBXProject section */
		DAAFA471231E41C7008ACCC0 /* Project object */ = {
			isa = PBXProject;
			attributes = {
				LastSwiftUpdateCheck = 1030;
				LastUpgradeCheck = 1030;
				ORGANIZATIONNAME = tjoeun304;
				TargetAttributes = {
					DAAFA478231E41C7008ACCC0 = {
						CreatedOnToolsVersion = 10.3;
						LastSwiftMigration = 1030;
					};
				};
			};
			buildConfigurationList = DAAFA474231E41C7008ACCC0 /* Build configuration list for PBXProject "Member DB App" */;
			compatibilityVersion = "Xcode 9.3";
			developmentRegion = en;
			hasScannedForEncodings = 0;
			knownRegions = (
				en,
				Base,
			);
			mainGroup = DAAFA470231E41C7008ACCC0;
			productRefGroup = DAAFA47A231E41C7008ACCC0 /* Products */;
			projectDirPath = "";
			projectRoot = "";
			targets = (
				DAAFA478231E41C7008ACCC0 /* Member DB App */,
			);
		};
/* End PBXProject section */

/* Begin PBXResourcesBuildPhase section */
		DAAFA477231E41C7008ACCC0 /* Resources */ = {
			isa = PBXResourcesBuildPhase;
			buildActionMask = 2147483647;
			files = (
				DAAFA487231E41CF008ACCC0 /* LaunchScreen.storyboard in Resources */,
				DAAFA484231E41CF008ACCC0 /* Assets.xcassets in Resources */,
				DAAFA482231E41C7008ACCC0 /* Main.storyboard in Resources */,
			);
			runOnlyForDeploymentPostprocessing = 0;
		};
/* End PBXResourcesBuildPhase section */

/* Begin PBXSourcesBuildPhase section */
		DAAFA475231E41C7008ACCC0 /* Sources */ = {
			isa = PBXSourcesBuildPhase;
			buildActionMask = 2147483647;
			files = (
				DAAFA47F231E41C7008ACCC0 /* ViewController.swift in Sources */,
				DAAFA47D231E41C7008ACCC0 /* AppDelegate.swift in Sources */,
				DAAFA49F231E435D008ACCC0 /* FMResultSet.m in Sources */,
				DAAFA4A0231E435D008ACCC0 /* FMDatabase.m in Sources */,
				DAAFA4A2231E435D008ACCC0 /* FMDatabasePool.m in Sources */,
				DAAFA49E231E435D008ACCC0 /* FMDatabaseAdditions.m in Sources */,
				DAAFA4A1231E435D008ACCC0 /* FMDatabaseQueue.m in Sources */,
			);
			runOnlyForDeploymentPostprocessing = 0;
		};
/* End PBXSourcesBuildPhase section */

/* Begin PBXVariantGroup section */
		DAAFA480231E41C7008ACCC0 /* Main.storyboard */ = {
			isa = PBXVariantGroup;
			children = (
				DAAFA481231E41C7008ACCC0 /* Base */,
			);
			name = Main.storyboard;
			sourceTree = "<group>";
		};
		DAAFA485231E41CF008ACCC0 /* LaunchScreen.storyboard */ = {
			isa = PBXVariantGroup;
			children = (
				DAAFA486231E41CF008ACCC0 /* Base */,
			);
			name = LaunchScreen.storyboard;
			sourceTree = "<group>";
		};
/* End PBXVariantGroup section */

/* Begin XCBuildConfiguration section */
		DAAFA489231E41CF008ACCC0 /* Debug */ = {
			isa = XCBuildConfiguration;
			buildSettings = {
				ALWAYS_SEARCH_USER_PATHS = NO;
				CLANG_ANALYZER_NONNULL = YES;
				CLANG_ANALYZER_NUMBER_OBJECT_CONVERSION = YES_AGGRESSIVE;
				CLANG_CXX_LANGUAGE_STANDARD = "gnu++14";
				CLANG_CXX_LIBRARY = "libc++";
				CLANG_ENABLE_MODULES = YES;
				CLANG_ENABLE_OBJC_ARC = YES;
				CLANG_ENABLE_OBJC_WEAK = YES;
				CLANG_WARN_BLOCK_CAPTURE_AUTORELEASING = YES;
				CLANG_WARN_BOOL_CONVERSION = YES;
				CLANG_WARN_COMMA = YES;
				CLANG_WARN_CONSTANT_CONVERSION = YES;
				CLANG_WARN_DEPRECATED_OBJC_IMPLEMENTATIONS = YES;
				CLANG_WARN_DIRECT_OBJC_ISA_USAGE = YES_ERROR;
				CLANG_WARN_DOCUMENTATION_COMMENTS = YES;
				CLANG_WARN_EMPTY_BODY = YES;
				CLANG_WARN_ENUM_CONVERSION = YES;
				CLANG_WARN_INFINITE_RECURSION = YES;
				CLANG_WARN_INT_CONVERSION = YES;
				CLANG_WARN_NON_LITERAL_NULL_CONVERSION = YES;
				CLANG_WARN_OBJC_IMPLICIT_RETAIN_SELF = YES;
				CLANG_WARN_OBJC_LITERAL_CONVERSION = YES;
				CLANG_WARN_OBJC_ROOT_CLASS = YES_ERROR;
				CLANG_WARN_RANGE_LOOP_ANALYSIS = YES;
				CLANG_WARN_STRICT_PROTOTYPES = YES;
				CLANG_WARN_SUSPICIOUS_MOVE = YES;
				CLANG_WARN_UNGUARDED_AVAILABILITY = YES_AGGRESSIVE;
				CLANG_WARN_UNREACHABLE_CODE = YES;
				CLANG_WARN__DUPLICATE_METHOD_MATCH = YES;
				CODE_SIGN_IDENTITY = "iPhone Developer";
				COPY_PHASE_STRIP = NO;
				DEBUG_INFORMATION_FORMAT = dwarf;
				ENABLE_STRICT_OBJC_MSGSEND = YES;
				ENABLE_TESTABILITY = YES;
				GCC_C_LANGUAGE_STANDARD = gnu11;
				GCC_DYNAMIC_NO_PIC = NO;
				GCC_NO_COMMON_BLOCKS = YES;
				GCC_OPTIMIZATION_LEVEL = 0;
				GCC_PREPROCESSOR_DEFINITIONS = (
					"DEBUG=1",
					"$(inherited)",
				);
				GCC_WARN_64_TO_32_BIT_CONVERSION = YES;
				GCC_WARN_ABOUT_RETURN_TYPE = YES_ERROR;
				GCC_WARN_UNDECLARED_SELECTOR = YES;
				GCC_WARN_UNINITIALIZED_AUTOS = YES_AGGRESSIVE;
				GCC_WARN_UNUSED_FUNCTION = YES;
				GCC_WARN_UNUSED_VARIABLE = YES;
				IPHONEOS_DEPLOYMENT_TARGET = 12.4;
				MTL_ENABLE_DEBUG_INFO = INCLUDE_SOURCE;
				MTL_FAST_MATH = YES;
				ONLY_ACTIVE_ARCH = YES;
				SDKROOT = iphoneos;
				SWIFT_ACTIVE_COMPILATION_CONDITIONS = DEBUG;
				SWIFT_OPTIMIZATION_LEVEL = "-Onone";
			};
			name = Debug;
		};
		DAAFA48A231E41CF008ACCC0 /* Release */ = {
			isa = XCBuildConfiguration;
			buildSettings = {
				ALWAYS_SEARCH_USER_PATHS = NO;
				CLANG_ANALYZER_NONNULL = YES;
				CLANG_ANALYZER_NUMBER_OBJECT_CONVERSION = YES_AGGRESSIVE;
				CLANG_CXX_LANGUAGE_STANDARD = "gnu++14";
				CLANG_CXX_LIBRARY = "libc++";
				CLANG_ENABLE_MODULES = YES;
				CLANG_ENABLE_OBJC_ARC = YES;
				CLANG_ENABLE_OBJC_WEAK = YES;
				CLANG_WARN_BLOCK_CAPTURE_AUTORELEASING = YES;
				CLANG_WARN_BOOL_CONVERSION = YES;
				CLANG_WARN_COMMA = YES;
				CLANG_WARN_CONSTANT_CONVERSION = YES;
				CLANG_WARN_DEPRECATED_OBJC_IMPLEMENTATIONS = YES;
				CLANG_WARN_DIRECT_OBJC_ISA_USAGE = YES_ERROR;
				CLANG_WARN_DOCUMENTATION_COMMENTS = YES;
				CLANG_WARN_EMPTY_BODY = YES;
				CLANG_WARN_ENUM_CONVERSION = YES;
				CLANG_WARN_INFINITE_RECURSION = YES;
				CLANG_WARN_INT_CONVERSION = YES;
				CLANG_WARN_NON_LITERAL_NULL_CONVERSION = YES;
				CLANG_WARN_OBJC_IMPLICIT_RETAIN_SELF = YES;
				CLANG_WARN_OBJC_LITERAL_CONVERSION = YES;
				CLANG_WARN_OBJC_ROOT_CLASS = YES_ERROR;
				CLANG_WARN_RANGE_LOOP_ANALYSIS = YES;
				CLANG_WARN_STRICT_PROTOTYPES = YES;
				CLANG_WARN_SUSPICIOUS_MOVE = YES;
				CLANG_WARN_UNGUARDED_AVAILABILITY = YES_AGGRESSIVE;
				CLANG_WARN_UNREACHABLE_CODE = YES;
				CLANG_WARN__DUPLICATE_METHOD_MATCH = YES;
				CODE_SIGN_IDENTITY = "iPhone Developer";
				COPY_PHASE_STRIP = NO;
				DEBUG_INFORMATION_FORMAT = "dwarf-with-dsym";
				ENABLE_NS_ASSERTIONS = NO;
				ENABLE_STRICT_OBJC_MSGSEND = YES;
				GCC_C_LANGUAGE_STANDARD = gnu11;
				GCC_NO_COMMON_BLOCKS = YES;
				GCC_WARN_64_TO_32_BIT_CONVERSION = YES;
				GCC_WARN_ABOUT_RETURN_TYPE = YES_ERROR;
				GCC_WARN_UNDECLARED_SELECTOR = YES;
				GCC_WARN_UNINITIALIZED_AUTOS = YES_AGGRESSIVE;
				GCC_WARN_UNUSED_FUNCTION = YES;
				GCC_WARN_UNUSED_VARIABLE = YES;
				IPHONEOS_DEPLOYMENT_TARGET = 12.4;
				MTL_ENABLE_DEBUG_INFO = NO;
				MTL_FAST_MATH = YES;
				SDKROOT = iphoneos;
				SWIFT_COMPILATION_MODE = wholemodule;
				SWIFT_OPTIMIZATION_LEVEL = "-O";
				VALIDATE_PRODUCT = YES;
			};
			name = Release;
		};
		DAAFA48C231E41CF008ACCC0 /* Debug */ = {
			isa = XCBuildConfiguration;
			buildSettings = {
				ASSETCATALOG_COMPILER_APPICON_NAME = AppIcon;
				CLANG_ENABLE_MODULES = YES;
				CODE_SIGN_STYLE = Automatic;
				INFOPLIST_FILE = "Member DB App/Info.plist";
				LD_RUNPATH_SEARCH_PATHS = (
					"$(inherited)",
					"@executable_path/Frameworks",
				);
				PRODUCT_BUNDLE_IDENTIFIER = "com.tje.Member-DB-App";
				PRODUCT_NAME = "$(TARGET_NAME)";
				SWIFT_OBJC_BRIDGING_HEADER = "Member DB App/FMDB/Member DB App-Bridging-Header.h";
				SWIFT_OPTIMIZATION_LEVEL = "-Onone";
				SWIFT_VERSION = 5.0;
				TARGETED_DEVICE_FAMILY = "1,2";
			};
			name = Debug;
		};
		DAAFA48D231E41CF008ACCC0 /* Release */ = {
			isa = XCBuildConfiguration;
			buildSettings = {
				ASSETCATALOG_COMPILER_APPICON_NAME = AppIcon;
				CLANG_ENABLE_MODULES = YES;
				CODE_SIGN_STYLE = Automatic;
				INFOPLIST_FILE = "Member DB App/Info.plist";
				LD_RUNPATH_SEARCH_PATHS = (
					"$(inherited)",
					"@executable_path/Frameworks",
				);
				PRODUCT_BUNDLE_IDENTIFIER = "com.tje.Member-DB-App";
				PRODUCT_NAME = "$(TARGET_NAME)";
				SWIFT_OBJC_BRIDGING_HEADER = "Member DB App/FMDB/Member DB App-Bridging-Header.h";
				SWIFT_VERSION = 5.0;
				TARGETED_DEVICE_FAMILY = "1,2";
			};
			name = Release;
		};
/* End XCBuildConfiguration section */

/* Begin XCConfigurationList section */
		DAAFA474231E41C7008ACCC0 /* Build configuration list for PBXProject "Member DB App" */ = {
			isa = XCConfigurationList;
			buildConfigurations = (
				DAAFA489231E41CF008ACCC0 /* Debug */,
				DAAFA48A231E41CF008ACCC0 /* Release */,
			);
			defaultConfigurationIsVisible = 0;
			defaultConfigurationName = Release;
		};
		DAAFA48B231E41CF008ACCC0 /* Build configuration list for PBXNativeTarget "Member DB App" */ = {
			isa = XCConfigurationList;
			buildConfigurations = (
				DAAFA48C231E41CF008ACCC0 /* Debug */,
				DAAFA48D231E41CF008ACCC0 /* Release */,
			);
			defaultConfigurationIsVisible = 0;
			defaultConfigurationName = Release;
		};
/* End XCConfigurationList section */
	};
	rootObject = DAAFA471231E41C7008ACCC0 /* Project object */;
}
